
Microsoft Visual Studio Solution File, Format Version 12.00
# Visual Studio 2012
Project("{FAE04EC0-301F-11D3-BF4B-00C04F79EFBC}") = "Wavplay", "Wavplay\Wavplay.csproj", "{A56FF981-0D40-48D5-87C6-BA25960C808E}"
EndProject
Global
	GlobalSection(SolutionConfigurationPlatforms) = preSolution
		Debug|Any CPU = Debug|Any CPU
		Release|Any CPU = Release|Any CPU
	EndGlobalSection
	GlobalSection(ProjectConfigurationPlatforms) = postSolution
		{A56FF981-0D40-48D5-87C6-BA25960C808E}.Debug|Any CPU.ActiveCfg = Debug|Any CPU
		{A56FF981-0D40-48D5-87C6-BA25960C808E}.Debug|Any CPU.Build.0 = Debug|Any CPU
		{A56FF981-0D40-48D5-87C6-BA25960C808E}.Release|Any CPU.ActiveCfg = Release|Any CPU
		{A56FF981-0D40-48D5-87C6-BA25960C808E}.Release|Any CPU.Build.0 = Release|Any CPU
	EndGlobalSection
	GlobalSection(SolutionProperties) = preSolution
		HideSolutionNode = FALSE
	EndGlobalSection
EndGlobal
