
Microsoft Visual Studio Solution File, Format Version 12.00
# Visual Studio Version 17
VisualStudioVersion = 17.8.34330.188
MinimumVisualStudioVersion = 10.0.40219.1
Project("{FAE04EC0-301F-11D3-BF4B-00C04F79EFBC}") = "FramesPlayer", "FramesPlayer\FramesPlayer.csproj", "{AC863614-C8F0-4067-8BB4-E06E53031DAE}"
EndProject
Project("{2150E333-8FDC-42A3-9474-1A3956D46DE8}") = "Common", "Common", "{2393606A-6C0D-4133-BB26-03B31DA0B9F3}"
EndProject
Project("{2150E333-8FDC-42A3-9474-1A3956D46DE8}") = "DataProviders", "DataProviders", "{14ABFEF3-90DD-4B6F-957D-8AB9DB62DB7D}"
EndProject
Project("{FAE04EC0-301F-11D3-BF4B-00C04F79EFBC}") = "AlfaPribor.ASKO.Data", "Components\AlfaPribor.ASKO.Data\AlfaPribor.ASKO.Data\AlfaPribor.ASKO.Data.csproj", "{98B1BD91-1A96-45AF-A5A6-59B96A23E834}"
EndProject
Project("{FAE04EC0-301F-11D3-BF4B-00C04F79EFBC}") = "AlfaPribor.ASKO.DataProvider", "Components\AlfaPribor.ASKO.DataProvider\AlfaPribor.ASKO.DataProvider\AlfaPribor.ASKO.DataProvider.csproj", "{2DC5FF06-AC11-4B67-9144-495925F1351A}"
EndProject
Project("{FAE04EC0-301F-11D3-BF4B-00C04F79EFBC}") = "AlfaPribor.ASKIN.DataProvider", "Components\AlfaPribor.Askin.DataProvider\AlfaPribor.ASKIN.DataProvider.csproj", "{0798C04C-D7E3-4033-9A62-855579143FBA}"
EndProject
Project("{FAE04EC0-301F-11D3-BF4B-00C04F79EFBC}") = "AlfaPribor.ASKO.Shared", "Components\AlfaPribor.ASKO.Shared\AlfaPribor.ASKO.Shared\AlfaPribor.ASKO.Shared.csproj", "{F46B90CC-3552-4733-8A86-2958038D8A31}"
EndProject
Project("{FAE04EC0-301F-11D3-BF4B-00C04F79EFBC}") = "AlfaPribor.Streams.2", "Components\AlfaPribor.Streams.2\AlfaPribor.Streams.2.csproj", "{3CF888AA-971E-4860-A008-5FD669372157}"
EndProject
Project("{FAE04EC0-301F-11D3-BF4B-00C04F79EFBC}") = "AlfaPribor.VideoPlayer", "Components\AlfaPribor.VideoPlayer\AlfaPribor.VideoPlayer.csproj", "{6E7C2D24-8692-4E6B-AC1D-0B5A4497D267}"
EndProject
Project("{FAE04EC0-301F-11D3-BF4B-00C04F79EFBC}") = "AlfaPribor.AviFile", "Components\AlfaPribor.AviFile\AlfaPribor.AviFile\AlfaPribor.AviFile.csproj", "{15262A92-DC48-4239-ABA3-CA242D720BCE}"
EndProject
Project("{FAE04EC0-301F-11D3-BF4B-00C04F79EFBC}") = "AlfaPribor.JpegCodec", "Components\AlfaPribor.JpegCodec\AlfaPribor.JpegCodec.csproj", "{79D4E0D4-96AF-4D33-A4E6-53776199C8E9}"
EndProject
Project("{FAE04EC0-301F-11D3-BF4B-00C04F79EFBC}") = "AlfaPribor.IppInterop", "Components\AlfaPribor.IppInterop\AlfaPribor.IppInterop\AlfaPribor.IppInterop.csproj", "{4EBAAE28-2942-4457-BF6C-1B442CC8FE14}"
EndProject
Project("{FAE04EC0-301F-11D3-BF4B-00C04F79EFBC}") = "AlfaPribor.SharpDXVideoRenderer", "Components\AlfaPribor.SharpDxVideoRender\AlfaPribor.SharpDxVideoRenderer\AlfaPribor.SharpDXVideoRenderer.csproj", "{2B473B15-100F-4533-AFAF-F8F7B54F846B}"
EndProject
Project("{FAE04EC0-301F-11D3-BF4B-00C04F79EFBC}") = "AlfaPribor.VideoPanels", "Components\AlfaPribor.VideoPanels\AlfaPribor.VideoPanels\AlfaPribor.VideoPanels.csproj", "{BF1618F3-AC37-47F7-B68A-6EC92D6A9C0B}"
EndProject
Project("{FAE04EC0-301F-11D3-BF4B-00C04F79EFBC}") = "AlfaPribor.Threads", "Components\AlfaPribor.Threads\AlfaPribor.Threads\AlfaPribor.Threads.csproj", "{953EA537-E303-408C-865C-DA463E3B541F}"
EndProject
Project("{FAE04EC0-301F-11D3-BF4B-00C04F79EFBC}") = "AlfaPribor.DataHelper", "Components\AlfaPribor.DataHelper\AlfaPribor.DataHelper\AlfaPribor.DataHelper.csproj", "{8FA34742-968F-49E2-859A-BF304764DD01}"
EndProject
Project("{FAE04EC0-301F-11D3-BF4B-00C04F79EFBC}") = "AlfaPribor.Collections", "Components\AlfaPribor.Collections\AlfaPribor.Collections\AlfaPribor.Collections.csproj", "{90DBD26D-04BC-4F9E-BA44-C408E263902C}"
EndProject
Project("{FAE04EC0-301F-11D3-BF4B-00C04F79EFBC}") = "AlfaPribor.VideoExport", "Components\AlfaPribor.VideoExport\AlfaPribor.VideoExport\AlfaPribor.VideoExport.csproj", "{94FAD136-7E7E-47E2-BDB5-0F64F616D01A}"
EndProject
Project("{FAE04EC0-301F-11D3-BF4B-00C04F79EFBC}") = "AlfaPribor.VideoStorage.2", "Components\AlfaPribor.VideoStorage.2\AlfaPribor.VideoStorage2\AlfaPribor.VideoStorage.2.csproj", "{F990CE7A-2163-4E67-8855-0C687AA54552}"
EndProject
Global
	GlobalSection(SolutionConfigurationPlatforms) = preSolution
		Debug|Any CPU = Debug|Any CPU
		Debug|x86 = Debug|x86
		Release|Any CPU = Release|Any CPU
		Release|x86 = Release|x86
	EndGlobalSection
	GlobalSection(ProjectConfigurationPlatforms) = postSolution
		{AC863614-C8F0-4067-8BB4-E06E53031DAE}.Debug|Any CPU.ActiveCfg = Debug|Any CPU
		{AC863614-C8F0-4067-8BB4-E06E53031DAE}.Debug|Any CPU.Build.0 = Debug|Any CPU
		{AC863614-C8F0-4067-8BB4-E06E53031DAE}.Debug|x86.ActiveCfg = Debug|x86
		{AC863614-C8F0-4067-8BB4-E06E53031DAE}.Debug|x86.Build.0 = Debug|x86
		{AC863614-C8F0-4067-8BB4-E06E53031DAE}.Release|Any CPU.ActiveCfg = Release|Any CPU
		{AC863614-C8F0-4067-8BB4-E06E53031DAE}.Release|Any CPU.Build.0 = Release|Any CPU
		{AC863614-C8F0-4067-8BB4-E06E53031DAE}.Release|x86.ActiveCfg = Release|x86
		{AC863614-C8F0-4067-8BB4-E06E53031DAE}.Release|x86.Build.0 = Release|x86
		{98B1BD91-1A96-45AF-A5A6-59B96A23E834}.Debug|Any CPU.ActiveCfg = Debug|Any CPU
		{98B1BD91-1A96-45AF-A5A6-59B96A23E834}.Debug|Any CPU.Build.0 = Debug|Any CPU
		{98B1BD91-1A96-45AF-A5A6-59B96A23E834}.Debug|x86.ActiveCfg = Debug|Any CPU
		{98B1BD91-1A96-45AF-A5A6-59B96A23E834}.Debug|x86.Build.0 = Debug|Any CPU
		{98B1BD91-1A96-45AF-A5A6-59B96A23E834}.Release|Any CPU.ActiveCfg = Release|Any CPU
		{98B1BD91-1A96-45AF-A5A6-59B96A23E834}.Release|Any CPU.Build.0 = Release|Any CPU
		{98B1BD91-1A96-45AF-A5A6-59B96A23E834}.Release|x86.ActiveCfg = Release|Any CPU
		{98B1BD91-1A96-45AF-A5A6-59B96A23E834}.Release|x86.Build.0 = Release|Any CPU
		{2DC5FF06-AC11-4B67-9144-495925F1351A}.Debug|Any CPU.ActiveCfg = Debug|Any CPU
		{2DC5FF06-AC11-4B67-9144-495925F1351A}.Debug|Any CPU.Build.0 = Debug|Any CPU
		{2DC5FF06-AC11-4B67-9144-495925F1351A}.Debug|x86.ActiveCfg = Debug|Any CPU
		{2DC5FF06-AC11-4B67-9144-495925F1351A}.Debug|x86.Build.0 = Debug|Any CPU
		{2DC5FF06-AC11-4B67-9144-495925F1351A}.Release|Any CPU.ActiveCfg = Release|Any CPU
		{2DC5FF06-AC11-4B67-9144-495925F1351A}.Release|Any CPU.Build.0 = Release|Any CPU
		{2DC5FF06-AC11-4B67-9144-495925F1351A}.Release|x86.ActiveCfg = Release|Any CPU
		{2DC5FF06-AC11-4B67-9144-495925F1351A}.Release|x86.Build.0 = Release|Any CPU
		{0798C04C-D7E3-4033-9A62-855579143FBA}.Debug|Any CPU.ActiveCfg = Debug|Any CPU
		{0798C04C-D7E3-4033-9A62-855579143FBA}.Debug|Any CPU.Build.0 = Debug|Any CPU
		{0798C04C-D7E3-4033-9A62-855579143FBA}.Debug|x86.ActiveCfg = Debug|Any CPU
		{0798C04C-D7E3-4033-9A62-855579143FBA}.Debug|x86.Build.0 = Debug|Any CPU
		{0798C04C-D7E3-4033-9A62-855579143FBA}.Release|Any CPU.ActiveCfg = Release|Any CPU
		{0798C04C-D7E3-4033-9A62-855579143FBA}.Release|Any CPU.Build.0 = Release|Any CPU
		{0798C04C-D7E3-4033-9A62-855579143FBA}.Release|x86.ActiveCfg = Release|Any CPU
		{0798C04C-D7E3-4033-9A62-855579143FBA}.Release|x86.Build.0 = Release|Any CPU
		{F46B90CC-3552-4733-8A86-2958038D8A31}.Debug|Any CPU.ActiveCfg = Debug|Any CPU
		{F46B90CC-3552-4733-8A86-2958038D8A31}.Debug|Any CPU.Build.0 = Debug|Any CPU
		{F46B90CC-3552-4733-8A86-2958038D8A31}.Debug|x86.ActiveCfg = Debug|Any CPU
		{F46B90CC-3552-4733-8A86-2958038D8A31}.Debug|x86.Build.0 = Debug|Any CPU
		{F46B90CC-3552-4733-8A86-2958038D8A31}.Release|Any CPU.ActiveCfg = Release|Any CPU
		{F46B90CC-3552-4733-8A86-2958038D8A31}.Release|Any CPU.Build.0 = Release|Any CPU
		{F46B90CC-3552-4733-8A86-2958038D8A31}.Release|x86.ActiveCfg = Release|Any CPU
		{F46B90CC-3552-4733-8A86-2958038D8A31}.Release|x86.Build.0 = Release|Any CPU
		{3CF888AA-971E-4860-A008-5FD669372157}.Debug|Any CPU.ActiveCfg = Debug|Any CPU
		{3CF888AA-971E-4860-A008-5FD669372157}.Debug|Any CPU.Build.0 = Debug|Any CPU
		{3CF888AA-971E-4860-A008-5FD669372157}.Debug|x86.ActiveCfg = Debug|x86
		{3CF888AA-971E-4860-A008-5FD669372157}.Debug|x86.Build.0 = Debug|x86
		{3CF888AA-971E-4860-A008-5FD669372157}.Release|Any CPU.ActiveCfg = Release|Any CPU
		{3CF888AA-971E-4860-A008-5FD669372157}.Release|Any CPU.Build.0 = Release|Any CPU
		{3CF888AA-971E-4860-A008-5FD669372157}.Release|x86.ActiveCfg = Release|x86
		{3CF888AA-971E-4860-A008-5FD669372157}.Release|x86.Build.0 = Release|x86
		{6E7C2D24-8692-4E6B-AC1D-0B5A4497D267}.Debug|Any CPU.ActiveCfg = Debug|Any CPU
		{6E7C2D24-8692-4E6B-AC1D-0B5A4497D267}.Debug|Any CPU.Build.0 = Debug|Any CPU
		{6E7C2D24-8692-4E6B-AC1D-0B5A4497D267}.Debug|x86.ActiveCfg = Debug|x86
		{6E7C2D24-8692-4E6B-AC1D-0B5A4497D267}.Debug|x86.Build.0 = Debug|x86
		{6E7C2D24-8692-4E6B-AC1D-0B5A4497D267}.Release|Any CPU.ActiveCfg = Release|Any CPU
		{6E7C2D24-8692-4E6B-AC1D-0B5A4497D267}.Release|Any CPU.Build.0 = Release|Any CPU
		{6E7C2D24-8692-4E6B-AC1D-0B5A4497D267}.Release|x86.ActiveCfg = Release|x86
		{6E7C2D24-8692-4E6B-AC1D-0B5A4497D267}.Release|x86.Build.0 = Release|x86
		{15262A92-DC48-4239-ABA3-CA242D720BCE}.Debug|Any CPU.ActiveCfg = Debug|Any CPU
		{15262A92-DC48-4239-ABA3-CA242D720BCE}.Debug|Any CPU.Build.0 = Debug|Any CPU
		{15262A92-DC48-4239-ABA3-CA242D720BCE}.Debug|x86.ActiveCfg = Debug|Any CPU
		{15262A92-DC48-4239-ABA3-CA242D720BCE}.Debug|x86.Build.0 = Debug|Any CPU
		{15262A92-DC48-4239-ABA3-CA242D720BCE}.Release|Any CPU.ActiveCfg = Release|Any CPU
		{15262A92-DC48-4239-ABA3-CA242D720BCE}.Release|Any CPU.Build.0 = Release|Any CPU
		{15262A92-DC48-4239-ABA3-CA242D720BCE}.Release|x86.ActiveCfg = Release|Any CPU
		{15262A92-DC48-4239-ABA3-CA242D720BCE}.Release|x86.Build.0 = Release|Any CPU
		{79D4E0D4-96AF-4D33-A4E6-53776199C8E9}.Debug|Any CPU.ActiveCfg = Debug|Any CPU
		{79D4E0D4-96AF-4D33-A4E6-53776199C8E9}.Debug|Any CPU.Build.0 = Debug|Any CPU
		{79D4E0D4-96AF-4D33-A4E6-53776199C8E9}.Debug|x86.ActiveCfg = Debug|x86
		{79D4E0D4-96AF-4D33-A4E6-53776199C8E9}.Debug|x86.Build.0 = Debug|x86
		{79D4E0D4-96AF-4D33-A4E6-53776199C8E9}.Release|Any CPU.ActiveCfg = Release|Any CPU
		{79D4E0D4-96AF-4D33-A4E6-53776199C8E9}.Release|Any CPU.Build.0 = Release|Any CPU
		{79D4E0D4-96AF-4D33-A4E6-53776199C8E9}.Release|x86.ActiveCfg = Release|x86
		{79D4E0D4-96AF-4D33-A4E6-53776199C8E9}.Release|x86.Build.0 = Release|x86
		{4EBAAE28-2942-4457-BF6C-1B442CC8FE14}.Debug|Any CPU.ActiveCfg = Debug|Any CPU
		{4EBAAE28-2942-4457-BF6C-1B442CC8FE14}.Debug|Any CPU.Build.0 = Debug|Any CPU
		{4EBAAE28-2942-4457-BF6C-1B442CC8FE14}.Debug|x86.ActiveCfg = Debug|x86
		{4EBAAE28-2942-4457-BF6C-1B442CC8FE14}.Debug|x86.Build.0 = Debug|x86
		{4EBAAE28-2942-4457-BF6C-1B442CC8FE14}.Release|Any CPU.ActiveCfg = Release|Any CPU
		{4EBAAE28-2942-4457-BF6C-1B442CC8FE14}.Release|Any CPU.Build.0 = Release|Any CPU
		{4EBAAE28-2942-4457-BF6C-1B442CC8FE14}.Release|x86.ActiveCfg = Release|x86
		{4EBAAE28-2942-4457-BF6C-1B442CC8FE14}.Release|x86.Build.0 = Release|x86
		{2B473B15-100F-4533-AFAF-F8F7B54F846B}.Debug|Any CPU.ActiveCfg = Debug|Any CPU
		{2B473B15-100F-4533-AFAF-F8F7B54F846B}.Debug|Any CPU.Build.0 = Debug|Any CPU
		{2B473B15-100F-4533-AFAF-F8F7B54F846B}.Debug|x86.ActiveCfg = Debug|x86
		{2B473B15-100F-4533-AFAF-F8F7B54F846B}.Debug|x86.Build.0 = Debug|x86
		{2B473B15-100F-4533-AFAF-F8F7B54F846B}.Release|Any CPU.ActiveCfg = Release|Any CPU
		{2B473B15-100F-4533-AFAF-F8F7B54F846B}.Release|Any CPU.Build.0 = Release|Any CPU
		{2B473B15-100F-4533-AFAF-F8F7B54F846B}.Release|x86.ActiveCfg = Release|x86
		{2B473B15-100F-4533-AFAF-F8F7B54F846B}.Release|x86.Build.0 = Release|x86
		{BF1618F3-AC37-47F7-B68A-6EC92D6A9C0B}.Debug|Any CPU.ActiveCfg = Debug|Any CPU
		{BF1618F3-AC37-47F7-B68A-6EC92D6A9C0B}.Debug|Any CPU.Build.0 = Debug|Any CPU
		{BF1618F3-AC37-47F7-B68A-6EC92D6A9C0B}.Debug|x86.ActiveCfg = Debug|Any CPU
		{BF1618F3-AC37-47F7-B68A-6EC92D6A9C0B}.Debug|x86.Build.0 = Debug|Any CPU
		{BF1618F3-AC37-47F7-B68A-6EC92D6A9C0B}.Release|Any CPU.ActiveCfg = Release|Any CPU
		{BF1618F3-AC37-47F7-B68A-6EC92D6A9C0B}.Release|Any CPU.Build.0 = Release|Any CPU
		{BF1618F3-AC37-47F7-B68A-6EC92D6A9C0B}.Release|x86.ActiveCfg = Release|Any CPU
		{BF1618F3-AC37-47F7-B68A-6EC92D6A9C0B}.Release|x86.Build.0 = Release|Any CPU
		{953EA537-E303-408C-865C-DA463E3B541F}.Debug|Any CPU.ActiveCfg = Debug|Any CPU
		{953EA537-E303-408C-865C-DA463E3B541F}.Debug|Any CPU.Build.0 = Debug|Any CPU
		{953EA537-E303-408C-865C-DA463E3B541F}.Debug|x86.ActiveCfg = Debug|x86
		{953EA537-E303-408C-865C-DA463E3B541F}.Debug|x86.Build.0 = Debug|x86
		{953EA537-E303-408C-865C-DA463E3B541F}.Release|Any CPU.ActiveCfg = Release|Any CPU
		{953EA537-E303-408C-865C-DA463E3B541F}.Release|Any CPU.Build.0 = Release|Any CPU
		{953EA537-E303-408C-865C-DA463E3B541F}.Release|x86.ActiveCfg = Release|x86
		{953EA537-E303-408C-865C-DA463E3B541F}.Release|x86.Build.0 = Release|x86
		{8FA34742-968F-49E2-859A-BF304764DD01}.Debug|Any CPU.ActiveCfg = Debug|Any CPU
		{8FA34742-968F-49E2-859A-BF304764DD01}.Debug|Any CPU.Build.0 = Debug|Any CPU
		{8FA34742-968F-49E2-859A-BF304764DD01}.Debug|x86.ActiveCfg = Debug|Any CPU
		{8FA34742-968F-49E2-859A-BF304764DD01}.Debug|x86.Build.0 = Debug|Any CPU
		{8FA34742-968F-49E2-859A-BF304764DD01}.Release|Any CPU.ActiveCfg = Release|Any CPU
		{8FA34742-968F-49E2-859A-BF304764DD01}.Release|Any CPU.Build.0 = Release|Any CPU
		{8FA34742-968F-49E2-859A-BF304764DD01}.Release|x86.ActiveCfg = Release|Any CPU
		{8FA34742-968F-49E2-859A-BF304764DD01}.Release|x86.Build.0 = Release|Any CPU
		{90DBD26D-04BC-4F9E-BA44-C408E263902C}.Debug|Any CPU.ActiveCfg = Debug|Any CPU
		{90DBD26D-04BC-4F9E-BA44-C408E263902C}.Debug|Any CPU.Build.0 = Debug|Any CPU
		{90DBD26D-04BC-4F9E-BA44-C408E263902C}.Debug|x86.ActiveCfg = Debug|x86
		{90DBD26D-04BC-4F9E-BA44-C408E263902C}.Debug|x86.Build.0 = Debug|x86
		{90DBD26D-04BC-4F9E-BA44-C408E263902C}.Release|Any CPU.ActiveCfg = Release|Any CPU
		{90DBD26D-04BC-4F9E-BA44-C408E263902C}.Release|Any CPU.Build.0 = Release|Any CPU
		{90DBD26D-04BC-4F9E-BA44-C408E263902C}.Release|x86.ActiveCfg = Release|x86
		{90DBD26D-04BC-4F9E-BA44-C408E263902C}.Release|x86.Build.0 = Release|x86
		{94FAD136-7E7E-47E2-BDB5-0F64F616D01A}.Debug|Any CPU.ActiveCfg = Debug|Any CPU
		{94FAD136-7E7E-47E2-BDB5-0F64F616D01A}.Debug|Any CPU.Build.0 = Debug|Any CPU
		{94FAD136-7E7E-47E2-BDB5-0F64F616D01A}.Debug|x86.ActiveCfg = Debug|Any CPU
		{94FAD136-7E7E-47E2-BDB5-0F64F616D01A}.Debug|x86.Build.0 = Debug|Any CPU
		{94FAD136-7E7E-47E2-BDB5-0F64F616D01A}.Release|Any CPU.ActiveCfg = Release|Any CPU
		{94FAD136-7E7E-47E2-BDB5-0F64F616D01A}.Release|Any CPU.Build.0 = Release|Any CPU
		{94FAD136-7E7E-47E2-BDB5-0F64F616D01A}.Release|x86.ActiveCfg = Release|Any CPU
		{94FAD136-7E7E-47E2-BDB5-0F64F616D01A}.Release|x86.Build.0 = Release|Any CPU
		{F990CE7A-2163-4E67-8855-0C687AA54552}.Debug|Any CPU.ActiveCfg = Debug|Any CPU
		{F990CE7A-2163-4E67-8855-0C687AA54552}.Debug|Any CPU.Build.0 = Debug|Any CPU
		{F990CE7A-2163-4E67-8855-0C687AA54552}.Debug|x86.ActiveCfg = Debug|x86
		{F990CE7A-2163-4E67-8855-0C687AA54552}.Debug|x86.Build.0 = Debug|x86
		{F990CE7A-2163-4E67-8855-0C687AA54552}.Release|Any CPU.ActiveCfg = Release|Any CPU
		{F990CE7A-2163-4E67-8855-0C687AA54552}.Release|Any CPU.Build.0 = Release|Any CPU
		{F990CE7A-2163-4E67-8855-0C687AA54552}.Release|x86.ActiveCfg = Release|x86
		{F990CE7A-2163-4E67-8855-0C687AA54552}.Release|x86.Build.0 = Release|x86
	EndGlobalSection
	GlobalSection(SolutionProperties) = preSolution
		HideSolutionNode = FALSE
	EndGlobalSection
	GlobalSection(NestedProjects) = preSolution
		{98B1BD91-1A96-45AF-A5A6-59B96A23E834} = {14ABFEF3-90DD-4B6F-957D-8AB9DB62DB7D}
		{2DC5FF06-AC11-4B67-9144-495925F1351A} = {14ABFEF3-90DD-4B6F-957D-8AB9DB62DB7D}
		{0798C04C-D7E3-4033-9A62-855579143FBA} = {14ABFEF3-90DD-4B6F-957D-8AB9DB62DB7D}
		{F46B90CC-3552-4733-8A86-2958038D8A31} = {14ABFEF3-90DD-4B6F-957D-8AB9DB62DB7D}
		{3CF888AA-971E-4860-A008-5FD669372157} = {2393606A-6C0D-4133-BB26-03B31DA0B9F3}
		{6E7C2D24-8692-4E6B-AC1D-0B5A4497D267} = {2393606A-6C0D-4133-BB26-03B31DA0B9F3}
		{15262A92-DC48-4239-ABA3-CA242D720BCE} = {2393606A-6C0D-4133-BB26-03B31DA0B9F3}
		{79D4E0D4-96AF-4D33-A4E6-53776199C8E9} = {2393606A-6C0D-4133-BB26-03B31DA0B9F3}
		{4EBAAE28-2942-4457-BF6C-1B442CC8FE14} = {2393606A-6C0D-4133-BB26-03B31DA0B9F3}
		{2B473B15-100F-4533-AFAF-F8F7B54F846B} = {2393606A-6C0D-4133-BB26-03B31DA0B9F3}
		{BF1618F3-AC37-47F7-B68A-6EC92D6A9C0B} = {2393606A-6C0D-4133-BB26-03B31DA0B9F3}
		{953EA537-E303-408C-865C-DA463E3B541F} = {2393606A-6C0D-4133-BB26-03B31DA0B9F3}
		{8FA34742-968F-49E2-859A-BF304764DD01} = {2393606A-6C0D-4133-BB26-03B31DA0B9F3}
		{90DBD26D-04BC-4F9E-BA44-C408E263902C} = {2393606A-6C0D-4133-BB26-03B31DA0B9F3}
		{94FAD136-7E7E-47E2-BDB5-0F64F616D01A} = {2393606A-6C0D-4133-BB26-03B31DA0B9F3}
		{F990CE7A-2163-4E67-8855-0C687AA54552} = {2393606A-6C0D-4133-BB26-03B31DA0B9F3}
	EndGlobalSection
	GlobalSection(ExtensibilityGlobals) = postSolution
		SolutionGuid = {AC7552DA-A2CD-40EE-9F35-DDEEE1522602}
	EndGlobalSection
EndGlobal
